
Microsoft Visual Studio Solution File, Format Version 12.00
# Visual Studio Version 16
VisualStudioVersion = 16.0.31129.286
MinimumVisualStudioVersion = 10.0.40219.1
Project("{8BC9CEB8-8B4A-11D0-8D11-00A0C91BC942}") = "Homework 11", "Homework 11\Homework 11.vcxproj", "{53BEA282-EDA0-444A-829F-982A110A0CBC}"
EndProject
Global
	GlobalSection(SolutionConfigurationPlatforms) = preSolution
		Debug|x64 = Debug|x64
		Debug|x86 = Debug|x86
		Release|x64 = Release|x64
		Release|x86 = Release|x86
	EndGlobalSection
	GlobalSection(ProjectConfigurationPlatforms) = postSolution
		{53BEA282-EDA0-444A-829F-982A110A0CBC}.Debug|x64.ActiveCfg = Debug|x64
		{53BEA282-EDA0-444A-829F-982A110A0CBC}.Debug|x64.Build.0 = Debug|x64
		{53BEA282-EDA0-444A-829F-982A110A0CBC}.Debug|x86.ActiveCfg = Debug|Win32
		{53BEA282-EDA0-444A-829F-982A110A0CBC}.Debug|x86.Build.0 = Debug|Win32
		{53BEA282-EDA0-444A-829F-982A110A0CBC}.Release|x64.ActiveCfg = Release|x64
		{53BEA282-EDA0-444A-829F-982A110A0CBC}.Release|x64.Build.0 = Release|x64
		{53BEA282-EDA0-444A-829F-982A110A0CBC}.Release|x86.ActiveCfg = Release|Win32
		{53BEA282-EDA0-444A-829F-982A110A0CBC}.Release|x86.Build.0 = Release|Win32
	EndGlobalSection
	GlobalSection(SolutionProperties) = preSolution
		HideSolutionNode = FALSE
	EndGlobalSection
	GlobalSection(ExtensibilityGlobals) = postSolution
		SolutionGuid = {9669811D-5641-4670-85F7-89ECC52A7166}
	EndGlobalSection
EndGlobal
